schema: '2.0'
stages:
  data_preparation:
    cmd: python src/data_preparation.py
    deps:
    - path: src/data_preparation.py
      hash: md5
      md5: d599e8ff82c63a437975e5c1e3d64ae1
      size: 3012
    outs:
    - path: data/processed/titanic_processed.csv
      hash: md5
      md5: ccb479c5c40cc910ba41ee64a5cc54c8
      size: 42159
    - path: data/raw/titanic.csv
      hash: md5
      md5: 99dbcbaafc9863a0be336b1b3e1f4d42
      size: 43170
  train_model:
    cmd: python src/train_model.py
    deps:
    - path: data/processed/titanic_processed.csv
      hash: md5
      md5: ccb479c5c40cc910ba41ee64a5cc54c8
      size: 42159
    - path: src/train_model.py
      hash: md5
      md5: 7cb7fb6d7c847a373a7a1826069dd727
      size: 2608
    outs:
    - path: models/features.json
      hash: md5
      md5: 579aba524a3c21f56571097f66033920
      size: 123
    - path: models/logistic_regression_model.pkl
      hash: md5
      md5: e96ee5767c56397bdddf315e9f935154
      size: 1279
    - path: models/metrics.json
      hash: md5
      md5: 64e1e0a3d1a5ca7ebc621832234b866d
      size: 134
    - path: models/random_forest_model.pkl
      hash: md5
      md5: 08799eb9d786722305b5499b6edf8f37
      size: 1798073
