schema: '2.0'
stages:
  download_data:
    cmd: python src/download_data.py
    deps:
    - path: src/download_data.py
      hash: md5
      md5: f5fb754e1ad5e5a677512ac0a1a2fd4f
      size: 656
    outs:
    - path: data/raw/titanic.csv
      hash: md5
      md5: 56f29cc0b807cb970a914ed075227f94
      size: 57018
  clean_data:
    cmd: python src/clean_data.py
    deps:
    - path: data/raw/titanic.csv
      hash: md5
      md5: 56f29cc0b807cb970a914ed075227f94
      size: 57018
    - path: src/clean_data.py
      hash: md5
      md5: 6c7b9f304a02187076de10da54338b36
      size: 2481
    outs:
    - path: data/processed/titanic_processed.csv
      hash: md5
      md5: d0fe29eac871322e2e2f89a11b8286c6
      size: 74202
  train_model:
    cmd: python src/train_model.py
    deps:
    - path: data/processed/titanic_processed.csv
      hash: md5
      md5: d0fe29eac871322e2e2f89a11b8286c6
      size: 74202
    - path: src/train_model.py
      hash: md5
      md5: 4f6e883b5aff49b15df4552a1be1bb0f
      size: 2724
    outs:
    - path: models/features.json
      hash: md5
      md5: d4e371170c2465894478d3d5104fa3f3
      size: 148
    - path: models/logistic_regression_model.pkl
      hash: md5
      md5: 36f9b7f3e70fd1072e9a46c31cf7bfc8
      size: 1295
    - path: models/metrics.json
      hash: md5
      md5: 30829c164f90ad1ee3b0cb8291670c92
      size: 146
    - path: models/random_forest_model.pkl
      hash: md5
      md5: c868c471ace756f99d31f1ba6b66ff0c
      size: 1678425
